
Microsoft Visual Studio Solution File, Format Version 12.00
# Visual Studio Version 17
VisualStudioVersion = 17.3.32804.467
MinimumVisualStudioVersion = 10.0.40219.1
Project("{FAE04EC0-301F-11D3-BF4B-00C04F79EFBC}") = "HelloWorld.UWP", "HelloWorld.UWP\HelloWorld.UWP.csproj", "{29DDE1BF-134A-49FB-B82B-7D98A6665A1D}"
EndProject
Project("{FAE04EC0-301F-11D3-BF4B-00C04F79EFBC}") = "HelloWorld.Android", "HelloWorld.Android\HelloWorld.Android.csproj", "{AE59BB5F-A01A-414E-9C6D-7D928CFB42FE}"
EndProject
Project("{FAE04EC0-301F-11D3-BF4B-00C04F79EFBC}") = "HelloWorld.iOS", "HelloWorld.iOS\HelloWorld.iOS.csproj", "{DB1AE0FB-611E-4942-AEBA-96005D5FA70A}"
EndProject
Project("{9A19103F-16F7-4668-BE54-9A1E7A4F7556}") = "HelloWorld", "HelloWorld\HelloWorld.csproj", "{D134109B-4447-4438-A4D6-D177DC8D22D1}"
EndProject
Project("{2150E333-8FDC-42A3-9474-1A3956D46DE8}") = "resource", "resource", "{EA2A4E71-C167-4497-A57A-D24664365EC9}"
	ProjectSection(SolutionItems) = preProject
		..\..\..\Downloads\XAML+Essentials+Cheat+Sheet.pdf = ..\..\..\Downloads\XAML+Essentials+Cheat+Sheet.pdf
		..\..\..\Downloads\XAML+Essentials+Exercise.pdf = ..\..\..\Downloads\XAML+Essentials+Exercise.pdf
	EndProjectSection
EndProject
Global
	GlobalSection(SolutionConfigurationPlatforms) = preSolution
		Debug|Any CPU = Debug|Any CPU
		Debug|ARM = Debug|ARM
		Debug|iPhone = Debug|iPhone
		Debug|iPhoneSimulator = Debug|iPhoneSimulator
		Debug|x64 = Debug|x64
		Debug|x86 = Debug|x86
		Release|Any CPU = Release|Any CPU
		Release|ARM = Release|ARM
		Release|iPhone = Release|iPhone
		Release|iPhoneSimulator = Release|iPhoneSimulator
		Release|x64 = Release|x64
		Release|x86 = Release|x86
	EndGlobalSection
	GlobalSection(ProjectConfigurationPlatforms) = postSolution
		{29DDE1BF-134A-49FB-B82B-7D98A6665A1D}.Debug|Any CPU.ActiveCfg = Debug|x64
		{29DDE1BF-134A-49FB-B82B-7D98A6665A1D}.Debug|Any CPU.Build.0 = Debug|x64
		{29DDE1BF-134A-49FB-B82B-7D98A6665A1D}.Debug|Any CPU.Deploy.0 = Debug|x64
		{29DDE1BF-134A-49FB-B82B-7D98A6665A1D}.Debug|ARM.ActiveCfg = Debug|ARM
		{29DDE1BF-134A-49FB-B82B-7D98A6665A1D}.Debug|ARM.Build.0 = Debug|ARM
		{29DDE1BF-134A-49FB-B82B-7D98A6665A1D}.Debug|ARM.Deploy.0 = Debug|ARM
		{29DDE1BF-134A-49FB-B82B-7D98A6665A1D}.Debug|iPhone.ActiveCfg = Debug|x64
		{29DDE1BF-134A-49FB-B82B-7D98A6665A1D}.Debug|iPhone.Build.0 = Debug|x64
		{29DDE1BF-134A-49FB-B82B-7D98A6665A1D}.Debug|iPhone.Deploy.0 = Debug|x64
		{29DDE1BF-134A-49FB-B82B-7D98A6665A1D}.Debug|iPhoneSimulator.ActiveCfg = Debug|x64
		{29DDE1BF-134A-49FB-B82B-7D98A6665A1D}.Debug|iPhoneSimulator.Build.0 = Debug|x64
		{29DDE1BF-134A-49FB-B82B-7D98A6665A1D}.Debug|iPhoneSimulator.Deploy.0 = Debug|x64
		{29DDE1BF-134A-49FB-B82B-7D98A6665A1D}.Debug|x64.ActiveCfg = Debug|x64
		{29DDE1BF-134A-49FB-B82B-7D98A6665A1D}.Debug|x64.Build.0 = Debug|x64
		{29DDE1BF-134A-49FB-B82B-7D98A6665A1D}.Debug|x64.Deploy.0 = Debug|x64
		{29DDE1BF-134A-49FB-B82B-7D98A6665A1D}.Debug|x86.ActiveCfg = Debug|x86
		{29DDE1BF-134A-49FB-B82B-7D98A6665A1D}.Debug|x86.Build.0 = Debug|x86
		{29DDE1BF-134A-49FB-B82B-7D98A6665A1D}.Debug|x86.Deploy.0 = Debug|x86
		{29DDE1BF-134A-49FB-B82B-7D98A6665A1D}.Release|Any CPU.ActiveCfg = Release|x64
		{29DDE1BF-134A-49FB-B82B-7D98A6665A1D}.Release|Any CPU.Build.0 = Release|x64
		{29DDE1BF-134A-49FB-B82B-7D98A6665A1D}.Release|Any CPU.Deploy.0 = Release|x64
		{29DDE1BF-134A-49FB-B82B-7D98A6665A1D}.Release|ARM.ActiveCfg = Release|ARM
		{29DDE1BF-134A-49FB-B82B-7D98A6665A1D}.Release|ARM.Build.0 = Release|ARM
		{29DDE1BF-134A-49FB-B82B-7D98A6665A1D}.Release|ARM.Deploy.0 = Release|ARM
		{29DDE1BF-134A-49FB-B82B-7D98A6665A1D}.Release|iPhone.ActiveCfg = Release|x64
		{29DDE1BF-134A-49FB-B82B-7D98A6665A1D}.Release|iPhone.Build.0 = Release|x64
		{29DDE1BF-134A-49FB-B82B-7D98A6665A1D}.Release|iPhone.Deploy.0 = Release|x64
		{29DDE1BF-134A-49FB-B82B-7D98A6665A1D}.Release|iPhoneSimulator.ActiveCfg = Release|x64
		{29DDE1BF-134A-49FB-B82B-7D98A6665A1D}.Release|iPhoneSimulator.Build.0 = Release|x64
		{29DDE1BF-134A-49FB-B82B-7D98A6665A1D}.Release|iPhoneSimulator.Deploy.0 = Release|x64
		{29DDE1BF-134A-49FB-B82B-7D98A6665A1D}.Release|x64.ActiveCfg = Release|x64
		{29DDE1BF-134A-49FB-B82B-7D98A6665A1D}.Release|x64.Build.0 = Release|x64
		{29DDE1BF-134A-49FB-B82B-7D98A6665A1D}.Release|x64.Deploy.0 = Release|x64
		{29DDE1BF-134A-49FB-B82B-7D98A6665A1D}.Release|x86.ActiveCfg = Release|x86
		{29DDE1BF-134A-49FB-B82B-7D98A6665A1D}.Release|x86.Build.0 = Release|x86
		{29DDE1BF-134A-49FB-B82B-7D98A6665A1D}.Release|x86.Deploy.0 = Release|x86
		{AE59BB5F-A01A-414E-9C6D-7D928CFB42FE}.Debug|Any CPU.ActiveCfg = Debug|Any CPU
		{AE59BB5F-A01A-414E-9C6D-7D928CFB42FE}.Debug|Any CPU.Build.0 = Debug|Any CPU
		{AE59BB5F-A01A-414E-9C6D-7D928CFB42FE}.Debug|Any CPU.Deploy.0 = Debug|Any CPU
		{AE59BB5F-A01A-414E-9C6D-7D928CFB42FE}.Debug|ARM.ActiveCfg = Debug|Any CPU
		{AE59BB5F-A01A-414E-9C6D-7D928CFB42FE}.Debug|ARM.Build.0 = Debug|Any CPU
		{AE59BB5F-A01A-414E-9C6D-7D928CFB42FE}.Debug|ARM.Deploy.0 = Debug|Any CPU
		{AE59BB5F-A01A-414E-9C6D-7D928CFB42FE}.Debug|iPhone.ActiveCfg = Debug|Any CPU
		{AE59BB5F-A01A-414E-9C6D-7D928CFB42FE}.Debug|iPhone.Build.0 = Debug|Any CPU
		{AE59BB5F-A01A-414E-9C6D-7D928CFB42FE}.Debug|iPhone.Deploy.0 = Debug|Any CPU
		{AE59BB5F-A01A-414E-9C6D-7D928CFB42FE}.Debug|iPhoneSimulator.ActiveCfg = Debug|Any CPU
		{AE59BB5F-A01A-414E-9C6D-7D928CFB42FE}.Debug|iPhoneSimulator.Build.0 = Debug|Any CPU
		{AE59BB5F-A01A-414E-9C6D-7D928CFB42FE}.Debug|iPhoneSimulator.Deploy.0 = Debug|Any CPU
		{AE59BB5F-A01A-414E-9C6D-7D928CFB42FE}.Debug|x64.ActiveCfg = Debug|Any CPU
		{AE59BB5F-A01A-414E-9C6D-7D928CFB42FE}.Debug|x64.Build.0 = Debug|Any CPU
		{AE59BB5F-A01A-414E-9C6D-7D928CFB42FE}.Debug|x64.Deploy.0 = Debug|Any CPU
		{AE59BB5F-A01A-414E-9C6D-7D928CFB42FE}.Debug|x86.ActiveCfg = Debug|Any CPU
		{AE59BB5F-A01A-414E-9C6D-7D928CFB42FE}.Debug|x86.Build.0 = Debug|Any CPU
		{AE59BB5F-A01A-414E-9C6D-7D928CFB42FE}.Debug|x86.Deploy.0 = Debug|Any CPU
		{AE59BB5F-A01A-414E-9C6D-7D928CFB42FE}.Release|Any CPU.ActiveCfg = Release|Any CPU
		{AE59BB5F-A01A-414E-9C6D-7D928CFB42FE}.Release|Any CPU.Build.0 = Release|Any CPU
		{AE59BB5F-A01A-414E-9C6D-7D928CFB42FE}.Release|Any CPU.Deploy.0 = Release|Any CPU
		{AE59BB5F-A01A-414E-9C6D-7D928CFB42FE}.Release|ARM.ActiveCfg = Release|Any CPU
		{AE59BB5F-A01A-414E-9C6D-7D928CFB42FE}.Release|ARM.Build.0 = Release|Any CPU
		{AE59BB5F-A01A-414E-9C6D-7D928CFB42FE}.Release|ARM.Deploy.0 = Release|Any CPU
		{AE59BB5F-A01A-414E-9C6D-7D928CFB42FE}.Release|iPhone.ActiveCfg = Release|Any CPU
		{AE59BB5F-A01A-414E-9C6D-7D928CFB42FE}.Release|iPhone.Build.0 = Release|Any CPU
		{AE59BB5F-A01A-414E-9C6D-7D928CFB42FE}.Release|iPhone.Deploy.0 = Release|Any CPU
		{AE59BB5F-A01A-414E-9C6D-7D928CFB42FE}.Release|iPhoneSimulator.ActiveCfg = Release|Any CPU
		{AE59BB5F-A01A-414E-9C6D-7D928CFB42FE}.Release|iPhoneSimulator.Build.0 = Release|Any CPU
		{AE59BB5F-A01A-414E-9C6D-7D928CFB42FE}.Release|iPhoneSimulator.Deploy.0 = Release|Any CPU
		{AE59BB5F-A01A-414E-9C6D-7D928CFB42FE}.Release|x64.ActiveCfg = Release|Any CPU
		{AE59BB5F-A01A-414E-9C6D-7D928CFB42FE}.Release|x64.Build.0 = Release|Any CPU
		{AE59BB5F-A01A-414E-9C6D-7D928CFB42FE}.Release|x64.Deploy.0 = Release|Any CPU
		{AE59BB5F-A01A-414E-9C6D-7D928CFB42FE}.Release|x86.ActiveCfg = Release|Any CPU
		{AE59BB5F-A01A-414E-9C6D-7D928CFB42FE}.Release|x86.Build.0 = Release|Any CPU
		{AE59BB5F-A01A-414E-9C6D-7D928CFB42FE}.Release|x86.Deploy.0 = Release|Any CPU
		{DB1AE0FB-611E-4942-AEBA-96005D5FA70A}.Debug|Any CPU.ActiveCfg = Debug|iPhoneSimulator
		{DB1AE0FB-611E-4942-AEBA-96005D5FA70A}.Debug|Any CPU.Build.0 = Debug|iPhoneSimulator
		{DB1AE0FB-611E-4942-AEBA-96005D5FA70A}.Debug|Any CPU.Deploy.0 = Debug|iPhoneSimulator
		{DB1AE0FB-611E-4942-AEBA-96005D5FA70A}.Debug|ARM.ActiveCfg = Debug|iPhoneSimulator
		{DB1AE0FB-611E-4942-AEBA-96005D5FA70A}.Debug|ARM.Build.0 = Debug|iPhoneSimulator
		{DB1AE0FB-611E-4942-AEBA-96005D5FA70A}.Debug|ARM.Deploy.0 = Debug|iPhoneSimulator
		{DB1AE0FB-611E-4942-AEBA-96005D5FA70A}.Debug|iPhone.ActiveCfg = Debug|iPhone
		{DB1AE0FB-611E-4942-AEBA-96005D5FA70A}.Debug|iPhone.Build.0 = Debug|iPhone
		{DB1AE0FB-611E-4942-AEBA-96005D5FA70A}.Debug|iPhone.Deploy.0 = Debug|iPhone
		{DB1AE0FB-611E-4942-AEBA-96005D5FA70A}.Debug|iPhoneSimulator.ActiveCfg = Debug|iPhoneSimulator
		{DB1AE0FB-611E-4942-AEBA-96005D5FA70A}.Debug|iPhoneSimulator.Build.0 = Debug|iPhoneSimulator
		{DB1AE0FB-611E-4942-AEBA-96005D5FA70A}.Debug|iPhoneSimulator.Deploy.0 = Debug|iPhoneSimulator
		{DB1AE0FB-611E-4942-AEBA-96005D5FA70A}.Debug|x64.ActiveCfg = Debug|iPhone
		{DB1AE0FB-611E-4942-AEBA-96005D5FA70A}.Debug|x64.Build.0 = Debug|iPhone
		{DB1AE0FB-611E-4942-AEBA-96005D5FA70A}.Debug|x64.Deploy.0 = Debug|iPhone
		{DB1AE0FB-611E-4942-AEBA-96005D5FA70A}.Debug|x86.ActiveCfg = Debug|iPhoneSimulator
		{DB1AE0FB-611E-4942-AEBA-96005D5FA70A}.Debug|x86.Build.0 = Debug|iPhoneSimulator
		{DB1AE0FB-611E-4942-AEBA-96005D5FA70A}.Debug|x86.Deploy.0 = Debug|iPhoneSimulator
		{DB1AE0FB-611E-4942-AEBA-96005D5FA70A}.Release|Any CPU.ActiveCfg = Release|iPhoneSimulator
		{DB1AE0FB-611E-4942-AEBA-96005D5FA70A}.Release|Any CPU.Build.0 = Release|iPhoneSimulator
		{DB1AE0FB-611E-4942-AEBA-96005D5FA70A}.Release|Any CPU.Deploy.0 = Release|iPhoneSimulator
		{DB1AE0FB-611E-4942-AEBA-96005D5FA70A}.Release|ARM.ActiveCfg = Release|iPhoneSimulator
		{DB1AE0FB-611E-4942-AEBA-96005D5FA70A}.Release|ARM.Build.0 = Release|iPhoneSimulator
		{DB1AE0FB-611E-4942-AEBA-96005D5FA70A}.Release|ARM.Deploy.0 = Release|iPhoneSimulator
		{DB1AE0FB-611E-4942-AEBA-96005D5FA70A}.Release|iPhone.ActiveCfg = Release|iPhone
		{DB1AE0FB-611E-4942-AEBA-96005D5FA70A}.Release|iPhone.Build.0 = Release|iPhone
		{DB1AE0FB-611E-4942-AEBA-96005D5FA70A}.Release|iPhone.Deploy.0 = Release|iPhone
		{DB1AE0FB-611E-4942-AEBA-96005D5FA70A}.Release|iPhoneSimulator.ActiveCfg = Release|iPhoneSimulator
		{DB1AE0FB-611E-4942-AEBA-96005D5FA70A}.Release|iPhoneSimulator.Build.0 = Release|iPhoneSimulator
		{DB1AE0FB-611E-4942-AEBA-96005D5FA70A}.Release|iPhoneSimulator.Deploy.0 = Release|iPhoneSimulator
		{DB1AE0FB-611E-4942-AEBA-96005D5FA70A}.Release|x64.ActiveCfg = Release|iPhoneSimulator
		{DB1AE0FB-611E-4942-AEBA-96005D5FA70A}.Release|x64.Build.0 = Release|iPhoneSimulator
		{DB1AE0FB-611E-4942-AEBA-96005D5FA70A}.Release|x64.Deploy.0 = Release|iPhoneSimulator
		{DB1AE0FB-611E-4942-AEBA-96005D5FA70A}.Release|x86.ActiveCfg = Release|iPhoneSimulator
		{DB1AE0FB-611E-4942-AEBA-96005D5FA70A}.Release|x86.Build.0 = Release|iPhoneSimulator
		{DB1AE0FB-611E-4942-AEBA-96005D5FA70A}.Release|x86.Deploy.0 = Release|iPhoneSimulator
		{D134109B-4447-4438-A4D6-D177DC8D22D1}.Debug|Any CPU.ActiveCfg = Debug|Any CPU
		{D134109B-4447-4438-A4D6-D177DC8D22D1}.Debug|Any CPU.Build.0 = Debug|Any CPU
		{D134109B-4447-4438-A4D6-D177DC8D22D1}.Debug|Any CPU.Deploy.0 = Debug|Any CPU
		{D134109B-4447-4438-A4D6-D177DC8D22D1}.Debug|ARM.ActiveCfg = Debug|Any CPU
		{D134109B-4447-4438-A4D6-D177DC8D22D1}.Debug|ARM.Build.0 = Debug|Any CPU
		{D134109B-4447-4438-A4D6-D177DC8D22D1}.Debug|ARM.Deploy.0 = Debug|Any CPU
		{D134109B-4447-4438-A4D6-D177DC8D22D1}.Debug|iPhone.ActiveCfg = Debug|Any CPU
		{D134109B-4447-4438-A4D6-D177DC8D22D1}.Debug|iPhone.Build.0 = Debug|Any CPU
		{D134109B-4447-4438-A4D6-D177DC8D22D1}.Debug|iPhone.Deploy.0 = Debug|Any CPU
		{D134109B-4447-4438-A4D6-D177DC8D22D1}.Debug|iPhoneSimulator.ActiveCfg = Debug|Any CPU
		{D134109B-4447-4438-A4D6-D177DC8D22D1}.Debug|iPhoneSimulator.Build.0 = Debug|Any CPU
		{D134109B-4447-4438-A4D6-D177DC8D22D1}.Debug|iPhoneSimulator.Deploy.0 = Debug|Any CPU
		{D134109B-4447-4438-A4D6-D177DC8D22D1}.Debug|x64.ActiveCfg = Debug|Any CPU
		{D134109B-4447-4438-A4D6-D177DC8D22D1}.Debug|x64.Build.0 = Debug|Any CPU
		{D134109B-4447-4438-A4D6-D177DC8D22D1}.Debug|x64.Deploy.0 = Debug|Any CPU
		{D134109B-4447-4438-A4D6-D177DC8D22D1}.Debug|x86.ActiveCfg = Debug|Any CPU
		{D134109B-4447-4438-A4D6-D177DC8D22D1}.Debug|x86.Build.0 = Debug|Any CPU
		{D134109B-4447-4438-A4D6-D177DC8D22D1}.Debug|x86.Deploy.0 = Debug|Any CPU
		{D134109B-4447-4438-A4D6-D177DC8D22D1}.Release|Any CPU.ActiveCfg = Release|Any CPU
		{D134109B-4447-4438-A4D6-D177DC8D22D1}.Release|Any CPU.Build.0 = Release|Any CPU
		{D134109B-4447-4438-A4D6-D177DC8D22D1}.Release|Any CPU.Deploy.0 = Release|Any CPU
		{D134109B-4447-4438-A4D6-D177DC8D22D1}.Release|ARM.ActiveCfg = Release|Any CPU
		{D134109B-4447-4438-A4D6-D177DC8D22D1}.Release|ARM.Build.0 = Release|Any CPU
		{D134109B-4447-4438-A4D6-D177DC8D22D1}.Release|ARM.Deploy.0 = Release|Any CPU
		{D134109B-4447-4438-A4D6-D177DC8D22D1}.Release|iPhone.ActiveCfg = Release|Any CPU
		{D134109B-4447-4438-A4D6-D177DC8D22D1}.Release|iPhone.Build.0 = Release|Any CPU
		{D134109B-4447-4438-A4D6-D177DC8D22D1}.Release|iPhone.Deploy.0 = Release|Any CPU
		{D134109B-4447-4438-A4D6-D177DC8D22D1}.Release|iPhoneSimulator.ActiveCfg = Release|Any CPU
		{D134109B-4447-4438-A4D6-D177DC8D22D1}.Release|iPhoneSimulator.Build.0 = Release|Any CPU
		{D134109B-4447-4438-A4D6-D177DC8D22D1}.Release|iPhoneSimulator.Deploy.0 = Release|Any CPU
		{D134109B-4447-4438-A4D6-D177DC8D22D1}.Release|x64.ActiveCfg = Release|Any CPU
		{D134109B-4447-4438-A4D6-D177DC8D22D1}.Release|x64.Build.0 = Release|Any CPU
		{D134109B-4447-4438-A4D6-D177DC8D22D1}.Release|x64.Deploy.0 = Release|Any CPU
		{D134109B-4447-4438-A4D6-D177DC8D22D1}.Release|x86.ActiveCfg = Release|Any CPU
		{D134109B-4447-4438-A4D6-D177DC8D22D1}.Release|x86.Build.0 = Release|Any CPU
		{D134109B-4447-4438-A4D6-D177DC8D22D1}.Release|x86.Deploy.0 = Release|Any CPU
	EndGlobalSection
	GlobalSection(SolutionProperties) = preSolution
		HideSolutionNode = FALSE
	EndGlobalSection
	GlobalSection(ExtensibilityGlobals) = postSolution
		SolutionGuid = {F6723877-FE56-41AE-A0C5-5BCD7D020A97}
	EndGlobalSection
EndGlobal
